
Microsoft Visual Studio Solution File, Format Version 12.00
# Visual Studio Version 16
VisualStudioVersion = 16.0.29102.190
MinimumVisualStudioVersion = 10.0.40219.1
Project("{FAE04EC0-301F-11D3-BF4B-00C04F79EFBC}") = "VCBitcoin", "VCBitcoin.csproj", "{0461518A-F38B-475E-8B21-C8C5FCAC12D7}"
EndProject
Global
	GlobalSection(SolutionConfigurationPlatforms) = preSolution
		Debug|Any CPU = Debug|Any CPU
		Release|Any CPU = Release|Any CPU
	EndGlobalSection
	GlobalSection(ProjectConfigurationPlatforms) = postSolution
		{0461518A-F38B-475E-8B21-C8C5FCAC12D7}.Debug|Any CPU.ActiveCfg = Debug|Any CPU
		{0461518A-F38B-475E-8B21-C8C5FCAC12D7}.Debug|Any CPU.Build.0 = Debug|Any CPU
		{0461518A-F38B-475E-8B21-C8C5FCAC12D7}.Release|Any CPU.ActiveCfg = Release|Any CPU
		{0461518A-F38B-475E-8B21-C8C5FCAC12D7}.Release|Any CPU.Build.0 = Release|Any CPU
	EndGlobalSection
	GlobalSection(SolutionProperties) = preSolution
		HideSolutionNode = FALSE
	EndGlobalSection
	GlobalSection(ExtensibilityGlobals) = postSolution
		SolutionGuid = {1F59D708-9E03-4AA3-B24E-1C355A67A078}
	EndGlobalSection
EndGlobal
